// !$*UTF8*$!
{
	archiveVersion = 1;
	classes = {
	};
	objectVersion = 50;
	objects = {

/* Begin PBXBuildFile section */
		56D4A3192299F57100B01464 /* AppDelegate.swift in Sources */ = {isa = PBXBuildFile; fileRef = 56D4A3182299F57100B01464 /* AppDelegate.swift */; };
		56D4A31E2299F57200B01464 /* Main.storyboard in Resources */ = {isa = PBXBuildFile; fileRef = 56D4A31C2299F57200B01464 /* Main.storyboard */; };
		56D4A3202299F57200B01464 /* Assets.xcassets in Resources */ = {isa = PBXBuildFile; fileRef = 56D4A31F2299F57200B01464 /* Assets.xcassets */; };
		56D4A32E2299F57200B01464 /* foodmanTests.swift in Sources */ = {isa = PBXBuildFile; fileRef = 56D4A32D2299F57200B01464 /* foodmanTests.swift */; };
		56D4A3392299F57200B01464 /* foodmanUITests.swift in Sources */ = {isa = PBXBuildFile; fileRef = 56D4A3382299F57200B01464 /* foodmanUITests.swift */; };
		56D4A34A2299FB2F00B01464 /* searchViewController.swift in Sources */ = {isa = PBXBuildFile; fileRef = 56D4A3492299FB2F00B01464 /* searchViewController.swift */; };
/* End PBXBuildFile section */

/* Begin PBXContainerItemProxy section */
		56D4A32A2299F57200B01464 /* PBXContainerItemProxy */ = {
			isa = PBXContainerItemProxy;
			containerPortal = 56D4A30D2299F57100B01464 /* Project object */;
			proxyType = 1;
			remoteGlobalIDString = 56D4A3142299F57100B01464;
			remoteInfo = foodman;
		};
		56D4A3352299F57200B01464 /* PBXContainerItemProxy */ = {
			isa = PBXContainerItemProxy;
			containerPortal = 56D4A30D2299F57100B01464 /* Project object */;
			proxyType = 1;
			remoteGlobalIDString = 56D4A3142299F57100B01464;
			remoteInfo = foodman;
		};
/* End PBXContainerItemProxy section */

/* Begin PBXFileReference section */
		56D4A3152299F57100B01464 /* foodman.app */ = {isa = PBXFileReference; explicitFileType = wrapper.application; includeInIndex = 0; path = foodman.app; sourceTree = BUILT_PRODUCTS_DIR; };
		56D4A3182299F57100B01464 /* AppDelegate.swift */ = {isa = PBXFileReference; lastKnownFileType = sourcecode.swift; path = AppDelegate.swift; sourceTree = "<group>"; };
		56D4A31D2299F57200B01464 /* Base */ = {isa = PBXFileReference; lastKnownFileType = file.storyboard; name = Base; path = Base.lproj/Main.storyboard; sourceTree = "<group>"; };
		56D4A31F2299F57200B01464 /* Assets.xcassets */ = {isa = PBXFileReference; lastKnownFileType = folder.assetcatalog; path = Assets.xcassets; sourceTree = "<group>"; };
		56D4A3242299F57200B01464 /* Info.plist */ = {isa = PBXFileReference; lastKnownFileType = text.plist.xml; path = Info.plist; sourceTree = "<group>"; };
		56D4A3292299F57200B01464 /* foodmanTests.xctest */ = {isa = PBXFileReference; explicitFileType = wrapper.cfbundle; includeInIndex = 0; path = foodmanTests.xctest; sourceTree = BUILT_PRODUCTS_DIR; };
		56D4A32D2299F57200B01464 /* foodmanTests.swift */ = {isa = PBXFileReference; lastKnownFileType = sourcecode.swift; path = foodmanTests.swift; sourceTree = "<group>"; };
		56D4A32F2299F57200B01464 /* Info.plist */ = {isa = PBXFileReference; lastKnownFileType = text.plist.xml; path = Info.plist; sourceTree = "<group>"; };
		56D4A3342299F57200B01464 /* foodmanUITests.xctest */ = {isa = PBXFileReference; explicitFileType = wrapper.cfbundle; includeInIndex = 0; path = foodmanUITests.xctest; sourceTree = BUILT_PRODUCTS_DIR; };
		56D4A3382299F57200B01464 /* foodmanUITests.swift */ = {isa = PBXFileReference; lastKnownFileType = sourcecode.swift; path = foodmanUITests.swift; sourceTree = "<group>"; };
		56D4A33A2299F57200B01464 /* Info.plist */ = {isa = PBXFileReference; lastKnownFileType = text.plist.xml; path = Info.plist; sourceTree = "<group>"; };
		56D4A3492299FB2F00B01464 /* searchViewController.swift */ = {isa = PBXFileReference; lastKnownFileType = sourcecode.swift; path = searchViewController.swift; sourceTree = "<group>"; };
/* End PBXFileReference section */

/* Begin PBXFrameworksBuildPhase section */
		56D4A3122299F57100B01464 /* Frameworks */ = {
			isa = PBXFrameworksBuildPhase;
			buildActionMask = 2147483647;
			files = (
			);
			runOnlyForDeploymentPostprocessing = 0;
		};
		56D4A3262299F57200B01464 /* Frameworks */ = {
			isa = PBXFrameworksBuildPhase;
			buildActionMask = 2147483647;
			files = (
			);
			runOnlyForDeploymentPostprocessing = 0;
		};
		56D4A3312299F57200B01464 /* Frameworks */ = {
			isa = PBXFrameworksBuildPhase;
			buildActionMask = 2147483647;
			files = (
			);
			runOnlyForDeploymentPostprocessing = 0;
		};
/* End PBXFrameworksBuildPhase section */

/* Begin PBXGroup section */
		56D4A30C2299F57100B01464 = {
			isa = PBXGroup;
			children = (
				56D4A3172299F57100B01464 /* foodman */,
				56D4A32C2299F57200B01464 /* foodmanTests */,
				56D4A3372299F57200B01464 /* foodmanUITests */,
				56D4A3162299F57100B01464 /* Products */,
			);
			sourceTree = "<group>";
		};
		56D4A3162299F57100B01464 /* Products */ = {
			isa = PBXGroup;
			children = (
				56D4A3152299F57100B01464 /* foodman.app */,
				56D4A3292299F57200B01464 /* foodmanTests.xctest */,
				56D4A3342299F57200B01464 /* foodmanUITests.xctest */,
			);
			name = Products;
			sourceTree = "<group>";
		};
		56D4A3172299F57100B01464 /* foodman */ = {
			isa = PBXGroup;
			children = (
				56D4A3472299F6CF00B01464 /* view */,
				56D4A3462299F6C500B01464 /* control */,
				56D4A3182299F57100B01464 /* AppDelegate.swift */,
				56D4A31F2299F57200B01464 /* Assets.xcassets */,
				56D4A3242299F57200B01464 /* Info.plist */,
			);
			path = foodman;
			sourceTree = "<group>";
		};
		56D4A32C2299F57200B01464 /* foodmanTests */ = {
			isa = PBXGroup;
			children = (
				56D4A32D2299F57200B01464 /* foodmanTests.swift */,
				56D4A32F2299F57200B01464 /* Info.plist */,
			);
			path = foodmanTests;
			sourceTree = "<group>";
		};
		56D4A3372299F57200B01464 /* foodmanUITests */ = {
			isa = PBXGroup;
			children = (
				56D4A3382299F57200B01464 /* foodmanUITests.swift */,
				56D4A33A2299F57200B01464 /* Info.plist */,
			);
			path = foodmanUITests;
			sourceTree = "<group>";
		};
		56D4A3462299F6C500B01464 /* control */ = {
			isa = PBXGroup;
			children = (
			);
			path = control;
			sourceTree = "<group>";
		};
		56D4A3472299F6CF00B01464 /* view */ = {
			isa = PBXGroup;
			children = (
				56D4A31C2299F57200B01464 /* Main.storyboard */,
				56D4A3492299FB2F00B01464 /* searchViewController.swift */,
			);
			path = view;
			sourceTree = "<group>";
		};
/* End PBXGroup section */

/* Begin PBXNativeTarget section */
		56D4A3142299F57100B01464 /* foodman */ = {
			isa = PBXNativeTarget;
			buildConfigurationList = 56D4A33D2299F57200B01464 /* Build configuration list for PBXNativeTarget "foodman" */;
			buildPhases = (
				56D4A3112299F57100B01464 /* Sources */,
				56D4A3122299F57100B01464 /* Frameworks */,
				56D4A3132299F57100B01464 /* Resources */,
			);
			buildRules = (
			);
			dependencies = (
			);
			name = foodman;
			productName = foodman;
			productReference = 56D4A3152299F57100B01464 /* foodman.app */;
			productType = "com.apple.product-type.application";
		};
		56D4A3282299F57200B01464 /* foodmanTests */ = {
			isa = PBXNativeTarget;
			buildConfigurationList = 56D4A3402299F57200B01464 /* Build configuration list for PBXNativeTarget "foodmanTests" */;
			buildPhases = (
				56D4A3252299F57200B01464 /* Sources */,
				56D4A3262299F57200B01464 /* Frameworks */,
				56D4A3272299F57200B01464 /* Resources */,
			);
			buildRules = (
			);
			dependencies = (
				56D4A32B2299F57200B01464 /* PBXTargetDependency */,
			);
			name = foodmanTests;
			productName = foodmanTests;
			productReference = 56D4A3292299F57200B01464 /* foodmanTests.xctest */;
			productType = "com.apple.product-type.bundle.unit-test";
		};
		56D4A3332299F57200B01464 /* foodmanUITests */ = {
			isa = PBXNativeTarget;
			buildConfigurationList = 56D4A3432299F57200B01464 /* Build configuration list for PBXNativeTarget "foodmanUITests" */;
			buildPhases = (
				56D4A3302299F57200B01464 /* Sources */,
				56D4A3312299F57200B01464 /* Frameworks */,
				56D4A3322299F57200B01464 /* Resources */,
			);
			buildRules = (
			);
			dependencies = (
				56D4A3362299F57200B01464 /* PBXTargetDependency */,
			);
			name = foodmanUITests;
			productName = foodmanUITests;
			productReference = 56D4A3342299F57200B01464 /* foodmanUITests.xctest */;
			productType = "com.apple.product-type.bundle.ui-testing";
		};
/* End PBXNativeTarget section */

/* Begin PBXProject section */
		56D4A30D2299F57100B01464 /* Project object */ = {
			isa = PBXProject;
			attributes = {
				LastSwiftUpdateCheck = 1020;
				LastUpgradeCheck = 1020;
				ORGANIZATIONNAME = "foodman corp";
				TargetAttributes = {
					56D4A3142299F57100B01464 = {
						CreatedOnToolsVersion = 10.2.1;
					};
					56D4A3282299F57200B01464 = {
						CreatedOnToolsVersion = 10.2.1;
						TestTargetID = 56D4A3142299F57100B01464;
					};
					56D4A3332299F57200B01464 = {
						CreatedOnToolsVersion = 10.2.1;
						TestTargetID = 56D4A3142299F57100B01464;
					};
				};
			};
			buildConfigurationList = 56D4A3102299F57100B01464 /* Build configuration list for PBXProject "foodman" */;
			compatibilityVersion = "Xcode 9.3";
			developmentRegion = en;
			hasScannedForEncodings = 0;
			knownRegions = (
				en,
				Base,
			);
			mainGroup = 56D4A30C2299F57100B01464;
			productRefGroup = 56D4A3162299F57100B01464 /* Products */;
			projectDirPath = "";
			projectRoot = "";
			targets = (
				56D4A3142299F57100B01464 /* foodman */,
				56D4A3282299F57200B01464 /* foodmanTests */,
				56D4A3332299F57200B01464 /* foodmanUITests */,
			);
		};
/* End PBXProject section */

/* Begin PBXResourcesBuildPhase section */
		56D4A3132299F57100B01464 /* Resources */ = {
			isa = PBXResourcesBuildPhase;
			buildActionMask = 2147483647;
			files = (
				56D4A3202299F57200B01464 /* Assets.xcassets in Resources */,
				56D4A31E2299F57200B01464 /* Main.storyboard in Resources */,
			);
			runOnlyForDeploymentPostprocessing = 0;
		};
		56D4A3272299F57200B01464 /* Resources */ = {
			isa = PBXResourcesBuildPhase;
			buildActionMask = 2147483647;
			files = (
			);
			runOnlyForDeploymentPostprocessing = 0;
		};
		56D4A3322299F57200B01464 /* Resources */ = {
			isa = PBXResourcesBuildPhase;
			buildActionMask = 2147483647;
			files = (
			);
			runOnlyForDeploymentPostprocessing = 0;
		};
/* End PBXResourcesBuildPhase section */

/* Begin PBXSourcesBuildPhase section */
		56D4A3112299F57100B01464 /* Sources */ = {
			isa = PBXSourcesBuildPhase;
			buildActionMask = 2147483647;
			files = (
				56D4A3192299F57100B01464 /* AppDelegate.swift in Sources */,
				56D4A34A2299FB2F00B01464 /* searchViewController.swift in Sources */,
			);
			runOnlyForDeploymentPostprocessing = 0;
		};
		56D4A3252299F57200B01464 /* Sources */ = {
			isa = PBXSourcesBuildPhase;
			buildActionMask = 2147483647;
			files = (
				56D4A32E2299F57200B01464 /* foodmanTests.swift in Sources */,
			);
			runOnlyForDeploymentPostprocessing = 0;
		};
		56D4A3302299F57200B01464 /* Sources */ = {
			isa = PBXSourcesBuildPhase;
			buildActionMask = 2147483647;
			files = (
				56D4A3392299F57200B01464 /* foodmanUITests.swift in Sources */,
			);
			runOnlyForDeploymentPostprocessing = 0;
		};
/* End PBXSourcesBuildPhase section */

/* Begin PBXTargetDependency section */
		56D4A32B2299F57200B01464 /* PBXTargetDependency */ = {
			isa = PBXTargetDependency;
			target = 56D4A3142299F57100B01464 /* foodman */;
			targetProxy = 56D4A32A2299F57200B01464 /* PBXContainerItemProxy */;
		};
		56D4A3362299F57200B01464 /* PBXTargetDependency */ = {
			isa = PBXTargetDependency;
			target = 56D4A3142299F57100B01464 /* foodman */;
			targetProxy = 56D4A3352299F57200B01464 /* PBXContainerItemProxy */;
		};
/* End PBXTargetDependency section */

/* Begin PBXVariantGroup section */
		56D4A31C2299F57200B01464 /* Main.storyboard */ = {
			isa = PBXVariantGroup;
			children = (
				56D4A31D2299F57200B01464 /* Base */,
			);
			name = Main.storyboard;
			sourceTree = "<group>";
		};
/* End PBXVariantGroup section */

/* Begin XCBuildConfiguration section */
		56D4A33B2299F57200B01464 /* Debug */ = {
			isa = XCBuildConfiguration;
			buildSettings = {
				ALWAYS_SEARCH_USER_PATHS = NO;
				CLANG_ANALYZER_NONNULL = YES;
				CLANG_ANALYZER_NUMBER_OBJECT_CONVERSION = YES_AGGRESSIVE;
				CLANG_CXX_LANGUAGE_STANDARD = "gnu++14";
				CLANG_CXX_LIBRARY = "libc++";
				CLANG_ENABLE_MODULES = YES;
				CLANG_ENABLE_OBJC_ARC = YES;
				CLANG_ENABLE_OBJC_WEAK = YES;
				CLANG_WARN_BLOCK_CAPTURE_AUTORELEASING = YES;
				CLANG_WARN_BOOL_CONVERSION = YES;
				CLANG_WARN_COMMA = YES;
				CLANG_WARN_CONSTANT_CONVERSION = YES;
				CLANG_WARN_DEPRECATED_OBJC_IMPLEMENTATIONS = YES;
				CLANG_WARN_DIRECT_OBJC_ISA_USAGE = YES_ERROR;
				CLANG_WARN_DOCUMENTATION_COMMENTS = YES;
				CLANG_WARN_EMPTY_BODY = YES;
				CLANG_WARN_ENUM_CONVERSION = YES;
				CLANG_WARN_INFINITE_RECURSION = YES;
				CLANG_WARN_INT_CONVERSION = YES;
				CLANG_WARN_NON_LITERAL_NULL_CONVERSION = YES;
				CLANG_WARN_OBJC_IMPLICIT_RETAIN_SELF = YES;
				CLANG_WARN_OBJC_LITERAL_CONVERSION = YES;
				CLANG_WARN_OBJC_ROOT_CLASS = YES_ERROR;
				CLANG_WARN_RANGE_LOOP_ANALYSIS = YES;
				CLANG_WARN_STRICT_PROTOTYPES = YES;
				CLANG_WARN_SUSPICIOUS_MOVE = YES;
				CLANG_WARN_UNGUARDED_AVAILABILITY = YES_AGGRESSIVE;
				CLANG_WARN_UNREACHABLE_CODE = YES;
				CLANG_WARN__DUPLICATE_METHOD_MATCH = YES;
				CODE_SIGN_IDENTITY = "iPhone Developer";
				COPY_PHASE_STRIP = NO;
				DEBUG_INFORMATION_FORMAT = dwarf;
				ENABLE_STRICT_OBJC_MSGSEND = YES;
				ENABLE_TESTABILITY = YES;
				GCC_C_LANGUAGE_STANDARD = gnu11;
				GCC_DYNAMIC_NO_PIC = NO;
				GCC_NO_COMMON_BLOCKS = YES;
				GCC_OPTIMIZATION_LEVEL = 0;
				GCC_PREPROCESSOR_DEFINITIONS = (
					"DEBUG=1",
					"$(inherited)",
				);
				GCC_WARN_64_TO_32_BIT_CONVERSION = YES;
				GCC_WARN_ABOUT_RETURN_TYPE = YES_ERROR;
				GCC_WARN_UNDECLARED_SELECTOR = YES;
				GCC_WARN_UNINITIALIZED_AUTOS = YES_AGGRESSIVE;
				GCC_WARN_UNUSED_FUNCTION = YES;
				GCC_WARN_UNUSED_VARIABLE = YES;
				IPHONEOS_DEPLOYMENT_TARGET = 12.2;
				MTL_ENABLE_DEBUG_INFO = INCLUDE_SOURCE;
				MTL_FAST_MATH = YES;
				ONLY_ACTIVE_ARCH = YES;
				SDKROOT = iphoneos;
				SWIFT_ACTIVE_COMPILATION_CONDITIONS = DEBUG;
				SWIFT_OPTIMIZATION_LEVEL = "-Onone";
			};
			name = Debug;
		};
		56D4A33C2299F57200B01464 /* Release */ = {
			isa = XCBuildConfiguration;
			buildSettings = {
				ALWAYS_SEARCH_USER_PATHS = NO;
				CLANG_ANALYZER_NONNULL = YES;
				CLANG_ANALYZER_NUMBER_OBJECT_CONVERSION = YES_AGGRESSIVE;
				CLANG_CXX_LANGUAGE_STANDARD = "gnu++14";
				CLANG_CXX_LIBRARY = "libc++";
				CLANG_ENABLE_MODULES = YES;
				CLANG_ENABLE_OBJC_ARC = YES;
				CLANG_ENABLE_OBJC_WEAK = YES;
				CLANG_WARN_BLOCK_CAPTURE_AUTORELEASING = YES;
				CLANG_WARN_BOOL_CONVERSION = YES;
				CLANG_WARN_COMMA = YES;
				CLANG_WARN_CONSTANT_CONVERSION = YES;
				CLANG_WARN_DEPRECATED_OBJC_IMPLEMENTATIONS = YES;
				CLANG_WARN_DIRECT_OBJC_ISA_USAGE = YES_ERROR;
				CLANG_WARN_DOCUMENTATION_COMMENTS = YES;
				CLANG_WARN_EMPTY_BODY = YES;
				CLANG_WARN_ENUM_CONVERSION = YES;
				CLANG_WARN_INFINITE_RECURSION = YES;
				CLANG_WARN_INT_CONVERSION = YES;
				CLANG_WARN_NON_LITERAL_NULL_CONVERSION = YES;
				CLANG_WARN_OBJC_IMPLICIT_RETAIN_SELF = YES;
				CLANG_WARN_OBJC_LITERAL_CONVERSION = YES;
				CLANG_WARN_OBJC_ROOT_CLASS = YES_ERROR;
				CLANG_WARN_RANGE_LOOP_ANALYSIS = YES;
				CLANG_WARN_STRICT_PROTOTYPES = YES;
				CLANG_WARN_SUSPICIOUS_MOVE = YES;
				CLANG_WARN_UNGUARDED_AVAILABILITY = YES_AGGRESSIVE;
				CLANG_WARN_UNREACHABLE_CODE = YES;
				CLANG_WARN__DUPLICATE_METHOD_MATCH = YES;
				CODE_SIGN_IDENTITY = "iPhone Developer";
				COPY_PHASE_STRIP = NO;
				DEBUG_INFORMATION_FORMAT = "dwarf-with-dsym";
				ENABLE_NS_ASSERTIONS = NO;
				ENABLE_STRICT_OBJC_MSGSEND = YES;
				GCC_C_LANGUAGE_STANDARD = gnu11;
				GCC_NO_COMMON_BLOCKS = YES;
				GCC_WARN_64_TO_32_BIT_CONVERSION = YES;
				GCC_WARN_ABOUT_RETURN_TYPE = YES_ERROR;
				GCC_WARN_UNDECLARED_SELECTOR = YES;
				GCC_WARN_UNINITIALIZED_AUTOS = YES_AGGRESSIVE;
				GCC_WARN_UNUSED_FUNCTION = YES;
				GCC_WARN_UNUSED_VARIABLE = YES;
				IPHONEOS_DEPLOYMENT_TARGET = 12.2;
				MTL_ENABLE_DEBUG_INFO = NO;
				MTL_FAST_MATH = YES;
				SDKROOT = iphoneos;
				SWIFT_COMPILATION_MODE = wholemodule;
				SWIFT_OPTIMIZATION_LEVEL = "-O";
				VALIDATE_PRODUCT = YES;
			};
			name = Release;
		};
		56D4A33E2299F57200B01464 /* Debug */ = {
			isa = XCBuildConfiguration;
			buildSettings = {
				ASSETCATALOG_COMPILER_APPICON_NAME = AppIcon;
				CODE_SIGN_STYLE = Automatic;
				DEVELOPMENT_TEAM = "";
				INFOPLIST_FILE = foodman/Info.plist;
				LD_RUNPATH_SEARCH_PATHS = (
					"$(inherited)",
					"@executable_path/Frameworks",
				);
				PRODUCT_BUNDLE_IDENTIFIER = corp.foodman;
				PRODUCT_NAME = "$(TARGET_NAME)";
				SWIFT_VERSION = 5.0;
				TARGETED_DEVICE_FAMILY = "1,2";
			};
			name = Debug;
		};
		56D4A33F2299F57200B01464 /* Release */ = {
			isa = XCBuildConfiguration;
			buildSettings = {
				ASSETCATALOG_COMPILER_APPICON_NAME = AppIcon;
				CODE_SIGN_STYLE = Automatic;
				DEVELOPMENT_TEAM = "";
				INFOPLIST_FILE = foodman/Info.plist;
				LD_RUNPATH_SEARCH_PATHS = (
					"$(inherited)",
					"@executable_path/Frameworks",
				);
				PRODUCT_BUNDLE_IDENTIFIER = corp.foodman;
				PRODUCT_NAME = "$(TARGET_NAME)";
				SWIFT_VERSION = 5.0;
				TARGETED_DEVICE_FAMILY = "1,2";
			};
			name = Release;
		};
		56D4A3412299F57200B01464 /* Debug */ = {
			isa = XCBuildConfiguration;
			buildSettings = {
				ALWAYS_EMBED_SWIFT_STANDARD_LIBRARIES = YES;
				BUNDLE_LOADER = "$(TEST_HOST)";
				CODE_SIGN_STYLE = Automatic;
				INFOPLIST_FILE = foodmanTests/Info.plist;
				LD_RUNPATH_SEARCH_PATHS = (
					"$(inherited)",
					"@executable_path/Frameworks",
					"@loader_path/Frameworks",
				);
				PRODUCT_BUNDLE_IDENTIFIER = corp.foodmanTests;
				PRODUCT_NAME = "$(TARGET_NAME)";
				SWIFT_VERSION = 5.0;
				TARGETED_DEVICE_FAMILY = "1,2";
				TEST_HOST = "$(BUILT_PRODUCTS_DIR)/foodman.app/foodman";
			};
			name = Debug;
		};
		56D4A3422299F57200B01464 /* Release */ = {
			isa = XCBuildConfiguration;
			buildSettings = {
				ALWAYS_EMBED_SWIFT_STANDARD_LIBRARIES = YES;
				BUNDLE_LOADER = "$(TEST_HOST)";
				CODE_SIGN_STYLE = Automatic;
				INFOPLIST_FILE = foodmanTests/Info.plist;
				LD_RUNPATH_SEARCH_PATHS = (
					"$(inherited)",
					"@executable_path/Frameworks",
					"@loader_path/Frameworks",
				);
				PRODUCT_BUNDLE_IDENTIFIER = corp.foodmanTests;
				PRODUCT_NAME = "$(TARGET_NAME)";
				SWIFT_VERSION = 5.0;
				TARGETED_DEVICE_FAMILY = "1,2";
				TEST_HOST = "$(BUILT_PRODUCTS_DIR)/foodman.app/foodman";
			};
			name = Release;
		};
		56D4A3442299F57200B01464 /* Debug */ = {
			isa = XCBuildConfiguration;
			buildSettings = {
				ALWAYS_EMBED_SWIFT_STANDARD_LIBRARIES = YES;
				CODE_SIGN_STYLE = Automatic;
				INFOPLIST_FILE = foodmanUITests/Info.plist;
				LD_RUNPATH_SEARCH_PATHS = (
					"$(inherited)",
					"@executable_path/Frameworks",
					"@loader_path/Frameworks",
				);
				PRODUCT_BUNDLE_IDENTIFIER = corp.foodmanUITests;
				PRODUCT_NAME = "$(TARGET_NAME)";
				SWIFT_VERSION = 5.0;
				TARGETED_DEVICE_FAMILY = "1,2";
				TEST_TARGET_NAME = foodman;
			};
			name = Debug;
		};
		56D4A3452299F57200B01464 /* Release */ = {
			isa = XCBuildConfiguration;
			buildSettings = {
				ALWAYS_EMBED_SWIFT_STANDARD_LIBRARIES = YES;
				CODE_SIGN_STYLE = Automatic;
				INFOPLIST_FILE = foodmanUITests/Info.plist;
				LD_RUNPATH_SEARCH_PATHS = (
					"$(inherited)",
					"@executable_path/Frameworks",
					"@loader_path/Frameworks",
				);
				PRODUCT_BUNDLE_IDENTIFIER = corp.foodmanUITests;
				PRODUCT_NAME = "$(TARGET_NAME)";
				SWIFT_VERSION = 5.0;
				TARGETED_DEVICE_FAMILY = "1,2";
				TEST_TARGET_NAME = foodman;
			};
			name = Release;
		};
/* End XCBuildConfiguration section */

/* Begin XCConfigurationList section */
		56D4A3102299F57100B01464 /* Build configuration list for PBXProject "foodman" */ = {
			isa = XCConfigurationList;
			buildConfigurations = (
				56D4A33B2299F57200B01464 /* Debug */,
				56D4A33C2299F57200B01464 /* Release */,
			);
			defaultConfigurationIsVisible = 0;
			defaultConfigurationName = Release;
		};
		56D4A33D2299F57200B01464 /* Build configuration list for PBXNativeTarget "foodman" */ = {
			isa = XCConfigurationList;
			buildConfigurations = (
				56D4A33E2299F57200B01464 /* Debug */,
				56D4A33F2299F57200B01464 /* Release */,
			);
			defaultConfigurationIsVisible = 0;
			defaultConfigurationName = Release;
		};
		56D4A3402299F57200B01464 /* Build configuration list for PBXNativeTarget "foodmanTests" */ = {
			isa = XCConfigurationList;
			buildConfigurations = (
				56D4A3412299F57200B01464 /* Debug */,
				56D4A3422299F57200B01464 /* Release */,
			);
			defaultConfigurationIsVisible = 0;
			defaultConfigurationName = Release;
		};
		56D4A3432299F57200B01464 /* Build configuration list for PBXNativeTarget "foodmanUITests" */ = {
			isa = XCConfigurationList;
			buildConfigurations = (
				56D4A3442299F57200B01464 /* Debug */,
				56D4A3452299F57200B01464 /* Release */,
			);
			defaultConfigurationIsVisible = 0;
			defaultConfigurationName = Release;
		};
/* End XCConfigurationList section */
	};
	rootObject = 56D4A30D2299F57100B01464 /* Project object */;
}
